
Microsoft Visual Studio Solution File, Format Version 12.00
# Visual Studio Version 17
VisualStudioVersion = 17.5.002.0
MinimumVisualStudioVersion = 10.0.40219.1
Project("{9A19103F-16F7-4668-BE54-9A1E7A4F7556}") = "Final", "Final\Final.csproj", "{424A9F44-196B-44F7-AC4F-D724819C0929}"
EndProject
Project("{9A19103F-16F7-4668-BE54-9A1E7A4F7556}") = "Starter", "Starter\Starter.csproj", "{D0BC1245-7BD6-4985-B599-0506B15158CE}"
EndProject
Global
	GlobalSection(SolutionConfigurationPlatforms) = preSolution
		Debug|Any CPU = Debug|Any CPU
		Release|Any CPU = Release|Any CPU
	EndGlobalSection
	GlobalSection(ProjectConfigurationPlatforms) = postSolution
		{424A9F44-196B-44F7-AC4F-D724819C0929}.Debug|Any CPU.ActiveCfg = Debug|Any CPU
		{424A9F44-196B-44F7-AC4F-D724819C0929}.Debug|Any CPU.Build.0 = Debug|Any CPU
		{424A9F44-196B-44F7-AC4F-D724819C0929}.Release|Any CPU.ActiveCfg = Release|Any CPU
		{424A9F44-196B-44F7-AC4F-D724819C0929}.Release|Any CPU.Build.0 = Release|Any CPU
		{D0BC1245-7BD6-4985-B599-0506B15158CE}.Debug|Any CPU.ActiveCfg = Debug|Any CPU
		{D0BC1245-7BD6-4985-B599-0506B15158CE}.Debug|Any CPU.Build.0 = Debug|Any CPU
		{D0BC1245-7BD6-4985-B599-0506B15158CE}.Release|Any CPU.ActiveCfg = Release|Any CPU
		{D0BC1245-7BD6-4985-B599-0506B15158CE}.Release|Any CPU.Build.0 = Release|Any CPU
	EndGlobalSection
	GlobalSection(SolutionProperties) = preSolution
		HideSolutionNode = FALSE
	EndGlobalSection
	GlobalSection(ExtensibilityGlobals) = postSolution
		SolutionGuid = {887884AE-648C-480D-B606-34E98E397D75}
	EndGlobalSection
EndGlobal
