
Microsoft Visual Studio Solution File, Format Version 12.00
# Visual Studio Version 17
VisualStudioVersion = 17.5.002.0
MinimumVisualStudioVersion = 10.0.40219.1
Project("{9A19103F-16F7-4668-BE54-9A1E7A4F7556}") = "Final", "Final\Final.csproj", "{21FFF810-84D6-4A03-903E-E5A87812FACA}"
EndProject
Project("{9A19103F-16F7-4668-BE54-9A1E7A4F7556}") = "Starter", "Starter\Starter.csproj", "{049B18C3-1266-4ECC-BD47-F7D7650818A3}"
EndProject
Global
	GlobalSection(SolutionConfigurationPlatforms) = preSolution
		Debug|Any CPU = Debug|Any CPU
		Release|Any CPU = Release|Any CPU
	EndGlobalSection
	GlobalSection(ProjectConfigurationPlatforms) = postSolution
		{21FFF810-84D6-4A03-903E-E5A87812FACA}.Debug|Any CPU.ActiveCfg = Debug|Any CPU
		{21FFF810-84D6-4A03-903E-E5A87812FACA}.Debug|Any CPU.Build.0 = Debug|Any CPU
		{21FFF810-84D6-4A03-903E-E5A87812FACA}.Release|Any CPU.ActiveCfg = Release|Any CPU
		{21FFF810-84D6-4A03-903E-E5A87812FACA}.Release|Any CPU.Build.0 = Release|Any CPU
		{049B18C3-1266-4ECC-BD47-F7D7650818A3}.Debug|Any CPU.ActiveCfg = Debug|Any CPU
		{049B18C3-1266-4ECC-BD47-F7D7650818A3}.Debug|Any CPU.Build.0 = Debug|Any CPU
		{049B18C3-1266-4ECC-BD47-F7D7650818A3}.Release|Any CPU.ActiveCfg = Release|Any CPU
		{049B18C3-1266-4ECC-BD47-F7D7650818A3}.Release|Any CPU.Build.0 = Release|Any CPU
	EndGlobalSection
	GlobalSection(SolutionProperties) = preSolution
		HideSolutionNode = FALSE
	EndGlobalSection
	GlobalSection(ExtensibilityGlobals) = postSolution
		SolutionGuid = {4ABE29C2-508F-4594-8A5E-A7B6227F197C}
	EndGlobalSection
EndGlobal
